
Microsoft Visual Studio Solution File, Format Version 12.00
# Visual Studio Version 17
VisualStudioVersion = 17.1.32328.378
MinimumVisualStudioVersion = 10.0.40219.1
Project("{FAE04EC0-301F-11D3-BF4B-00C04F79EFBC}") = "NumeroPrimo", "NumeroPrimo\NumeroPrimo.csproj", "{285467A7-1088-47B6-BDC7-DF974A3CA399}"
EndProject
Global
	GlobalSection(SolutionConfigurationPlatforms) = preSolution
		Debug|Any CPU = Debug|Any CPU
		Release|Any CPU = Release|Any CPU
	EndGlobalSection
	GlobalSection(ProjectConfigurationPlatforms) = postSolution
		{285467A7-1088-47B6-BDC7-DF974A3CA399}.Debug|Any CPU.ActiveCfg = Debug|Any CPU
		{285467A7-1088-47B6-BDC7-DF974A3CA399}.Debug|Any CPU.Build.0 = Debug|Any CPU
		{285467A7-1088-47B6-BDC7-DF974A3CA399}.Release|Any CPU.ActiveCfg = Release|Any CPU
		{285467A7-1088-47B6-BDC7-DF974A3CA399}.Release|Any CPU.Build.0 = Release|Any CPU
	EndGlobalSection
	GlobalSection(SolutionProperties) = preSolution
		HideSolutionNode = FALSE
	EndGlobalSection
	GlobalSection(ExtensibilityGlobals) = postSolution
		SolutionGuid = {5D3DFC1F-E554-43FD-B234-E8D19BC103A1}
	EndGlobalSection
EndGlobal
